{
  "name": "oci_ajd_instantclient_nodejs_fn",
  "version": "0.1.0",
  "lockfileVersion": 1,
  "requires": true,
  "dependencies": {
    "@fnproject/fdk": {
      "version": "0.0.19",
      "resolved": "https://artifactory.oci.oraclecorp.com:443/api/npm/global-dev-npm/@fnproject/fdk/-/fdk-0.0.19.tgz",
      "integrity": "sha1-J2J22vnKddHbTW383mLIuyjdvqk="
    },
    "@types/isomorphic-fetch": {
      "version": "0.0.35",
      "resolved": "https://artifactory.oci.oraclecorp.com:443/api/npm/global-dev-npm/@types/isomorphic-fetch/-/isomorphic-fetch-0.0.35.tgz",
      "integrity": "sha1-wcDUAtqsMkWCthhrkfiQU0DqM2E="
    },
    "@types/jsonwebtoken": {
      "version": "8.5.0",
      "resolved": "https://artifactory.oci.oraclecorp.com:443/api/npm/global-dev-npm/@types/jsonwebtoken/-/jsonwebtoken-8.5.0.tgz",
      "integrity": "sha1-JTHV4wCAOqYyebIywBSs94DJgcU=",
      "requires": {
        "@types/node": "*"
      }
    },
    "@types/jssha": {
      "version": "2.0.0",
      "resolved": "https://artifactory.oci.oraclecorp.com:443/api/npm/global-dev-npm/@types/jssha/-/jssha-2.0.0.tgz",
      "integrity": "sha1-FQJ+9kgMTSyMQnYuInsjs0J25o8="
    },
    "@types/node": {
      "version": "14.14.20",
      "resolved": "https://artifactory.oci.oraclecorp.com:443/api/npm/global-dev-npm/@types/node/-/node-14.14.20.tgz",
      "integrity": "sha1-95dIY+3SHR+KSUpz6OKzZYYVw0A="
    },
    "@types/opossum": {
      "version": "4.1.1",
      "resolved": "https://artifactory.oci.oraclecorp.com:443/api/npm/global-dev-npm/@types/opossum/-/opossum-4.1.1.tgz",
      "integrity": "sha1-irpcXH3MpTcjTRyJAEOFnXLCkPc=",
      "requires": {
        "@types/node": "*"
      }
    },
    "@types/sshpk": {
      "version": "1.10.5",
      "resolved": "https://artifactory.oci.oraclecorp.com:443/api/npm/global-dev-npm/@types/sshpk/-/sshpk-1.10.5.tgz",
      "integrity": "sha1-08dZ2hw72T6C2vKXtjCak61b+gU=",
      "requires": {
        "@types/node": "*"
      }
    },
    "asn1": {
      "version": "0.2.4",
      "resolved": "https://artifactory.oci.oraclecorp.com:443/api/npm/global-dev-npm/asn1/-/asn1-0.2.4.tgz",
      "integrity": "sha1-jSR136tVO7M+d7VOWeiAu4ziMTY=",
      "requires": {
        "safer-buffer": "~2.1.0"
      }
    },
    "assert-plus": {
      "version": "1.0.0",
      "resolved": "https://artifactory.oci.oraclecorp.com:443/api/npm/global-dev-npm/assert-plus/-/assert-plus-1.0.0.tgz",
      "integrity": "sha1-8S4PPF13sLHN2RRpQuTpbB5N1SU="
    },
    "await-semaphore": {
      "version": "0.1.3",
      "resolved": "https://artifactory.oci.oraclecorp.com:443/api/npm/global-dev-npm/await-semaphore/-/await-semaphore-0.1.3.tgz",
      "integrity": "sha1-K4gBjMjCjgYWeuHN/wJQTx+WiNM="
    },
    "bcrypt-pbkdf": {
      "version": "1.0.2",
      "resolved": "https://artifactory.oci.oraclecorp.com:443/api/npm/global-dev-npm/bcrypt-pbkdf/-/bcrypt-pbkdf-1.0.2.tgz",
      "integrity": "sha1-pDAdOJtqQ/m2f/PKEaP2Y342Dp4=",
      "requires": {
        "tweetnacl": "^0.14.3"
      }
    },
    "buffer-equal-constant-time": {
      "version": "1.0.1",
      "resolved": "https://artifactory.oci.oraclecorp.com:443/api/npm/global-dev-npm/buffer-equal-constant-time/-/buffer-equal-constant-time-1.0.1.tgz",
      "integrity": "sha1-+OcRMvf/5uAaXJaXpMbz5I1cyBk="
    },
    "core-util-is": {
      "version": "1.0.2",
      "resolved": "https://artifactory.oci.oraclecorp.com:443/api/npm/global-dev-npm/core-util-is/-/core-util-is-1.0.2.tgz",
      "integrity": "sha1-tf1UIgqivFq1eqtxQMlAdUUDwac="
    },
    "dashdash": {
      "version": "1.14.1",
      "resolved": "https://artifactory.oci.oraclecorp.com:443/api/npm/global-dev-npm/dashdash/-/dashdash-1.14.1.tgz",
      "integrity": "sha1-hTz6D3y+L+1d4gMmuN1YEDX24vA=",
      "requires": {
        "assert-plus": "^1.0.0"
      }
    },
    "ecc-jsbn": {
      "version": "0.1.2",
      "resolved": "https://artifactory.oci.oraclecorp.com:443/api/npm/global-dev-npm/ecc-jsbn/-/ecc-jsbn-0.1.2.tgz",
      "integrity": "sha1-OoOpBOVDUyh4dMVkt1SThoSamMk=",
      "requires": {
        "jsbn": "~0.1.0",
        "safer-buffer": "^2.1.0"
      }
    },
    "ecdsa-sig-formatter": {
      "version": "1.0.11",
      "resolved": "https://artifactory.oci.oraclecorp.com:443/api/npm/global-dev-npm/ecdsa-sig-formatter/-/ecdsa-sig-formatter-1.0.11.tgz",
      "integrity": "sha1-rg8PothQRe8UqBfao86azQSJ5b8=",
      "requires": {
        "safe-buffer": "^5.0.1"
      }
    },
    "encoding": {
      "version": "0.1.13",
      "resolved": "https://artifactory.oci.oraclecorp.com:443/api/npm/global-dev-npm/encoding/-/encoding-0.1.13.tgz",
      "integrity": "sha1-VldK/deR9UqOmyeFwFgqLSYhD6k=",
      "requires": {
        "iconv-lite": "^0.6.2"
      }
    },
    "es6-promise": {
      "version": "4.2.6",
      "resolved": "https://artifactory.oci.oraclecorp.com:443/api/npm/global-dev-npm/es6-promise/-/es6-promise-4.2.6.tgz",
      "integrity": "sha1-toXt2CWIhjZepitX0w3ij63Nl08="
    },
    "extsprintf": {
      "version": "1.3.0",
      "resolved": "https://artifactory.oci.oraclecorp.com:443/api/npm/global-dev-npm/extsprintf/-/extsprintf-1.3.0.tgz",
      "integrity": "sha1-lpGEQOMEGnpBT4xS48V06zw+HgU="
    },
    "fs": {
      "version": "0.0.2",
      "resolved": "https://artifactory.oci.oraclecorp.com:443/api/npm/global-dev-npm/fs/-/fs-0.0.2.tgz",
      "integrity": "sha1-4fJE7zkzwbKmS9R5kTYGDQ9ZFPg="
    },
    "getpass": {
      "version": "0.1.7",
      "resolved": "https://artifactory.oci.oraclecorp.com:443/api/npm/global-dev-npm/getpass/-/getpass-0.1.7.tgz",
      "integrity": "sha1-Xv+OPmhNVprkyysSgmBOi6YhSfo=",
      "requires": {
        "assert-plus": "^1.0.0"
      }
    },
    "http-signature": {
      "version": "1.3.1",
      "resolved": "https://artifactory.oci.oraclecorp.com:443/api/npm/global-dev-npm/http-signature/-/http-signature-1.3.1.tgz",
      "integrity": "sha1-c5/i+Il7qEeY4+VLaZqQCKhyT/k=",
      "requires": {
        "assert-plus": "^1.0.0",
        "jsprim": "^1.2.2",
        "sshpk": "^1.14.1"
      }
    },
    "iconv-lite": {
      "version": "0.6.2",
      "resolved": "https://artifactory.oci.oraclecorp.com:443/api/npm/global-dev-npm/iconv-lite/-/iconv-lite-0.6.2.tgz",
      "integrity": "sha1-zhPRh1sMOmdL1qBLf3awGxtt7QE=",
      "requires": {
        "safer-buffer": ">= 2.1.2 < 3.0.0"
      }
    },
    "is-stream": {
      "version": "1.1.0",
      "resolved": "https://artifactory.oci.oraclecorp.com:443/api/npm/global-dev-npm/is-stream/-/is-stream-1.1.0.tgz",
      "integrity": "sha1-EtSj3U5o4Lec6428hBc66A2RykQ="
    },
    "isomorphic-fetch": {
      "version": "2.2.1",
      "resolved": "https://artifactory.oci.oraclecorp.com:443/api/npm/global-dev-npm/isomorphic-fetch/-/isomorphic-fetch-2.2.1.tgz",
      "integrity": "sha1-YRrhrPFPXoH3KVB0coGf6XM1WKk=",
      "requires": {
        "node-fetch": "^1.0.1",
        "whatwg-fetch": ">=0.10.0"
      }
    },
    "jsbn": {
      "version": "0.1.1",
      "resolved": "https://artifactory.oci.oraclecorp.com:443/api/npm/global-dev-npm/jsbn/-/jsbn-0.1.1.tgz",
      "integrity": "sha1-peZUwuWi3rXyAdls77yoDA7y9RM="
    },
    "json-schema": {
      "version": "0.2.3",
      "resolved": "https://artifactory.oci.oraclecorp.com:443/api/npm/global-dev-npm/json-schema/-/json-schema-0.2.3.tgz",
      "integrity": "sha1-tIDIkuWaLwWVTOcnvT8qTogvnhM="
    },
    "jsonwebtoken": {
      "version": "8.5.1",
      "resolved": "https://artifactory.oci.oraclecorp.com:443/api/npm/global-dev-npm/jsonwebtoken/-/jsonwebtoken-8.5.1.tgz",
      "integrity": "sha1-AOceC431TCEhofJhN98igGc7zA0=",
      "requires": {
        "jws": "^3.2.2",
        "lodash.includes": "^4.3.0",
        "lodash.isboolean": "^3.0.3",
        "lodash.isinteger": "^4.0.4",
        "lodash.isnumber": "^3.0.3",
        "lodash.isplainobject": "^4.0.6",
        "lodash.isstring": "^4.0.1",
        "lodash.once": "^4.0.0",
        "ms": "^2.1.1",
        "semver": "^5.6.0"
      }
    },
    "jsprim": {
      "version": "1.4.1",
      "resolved": "https://artifactory.oci.oraclecorp.com:443/api/npm/global-dev-npm/jsprim/-/jsprim-1.4.1.tgz",
      "integrity": "sha1-MT5mvB5cwG5Di8G3SZwuXFastqI=",
      "requires": {
        "assert-plus": "1.0.0",
        "extsprintf": "1.3.0",
        "json-schema": "0.2.3",
        "verror": "1.10.0"
      }
    },
    "jssha": {
      "version": "2.4.1",
      "resolved": "https://artifactory.oci.oraclecorp.com:443/api/npm/global-dev-npm/jssha/-/jssha-2.4.1.tgz",
      "integrity": "sha1-utfKtqLU31z/XEjEUkJ7hmMJFP8="
    },
    "jwa": {
      "version": "1.4.1",
      "resolved": "https://artifactory.oci.oraclecorp.com:443/api/npm/global-dev-npm/jwa/-/jwa-1.4.1.tgz",
      "integrity": "sha1-dDwymFy56YZVUw1TZBtmyGRbA5o=",
      "requires": {
        "buffer-equal-constant-time": "1.0.1",
        "ecdsa-sig-formatter": "1.0.11",
        "safe-buffer": "^5.0.1"
      }
    },
    "jws": {
      "version": "3.2.2",
      "resolved": "https://artifactory.oci.oraclecorp.com:443/api/npm/global-dev-npm/jws/-/jws-3.2.2.tgz",
      "integrity": "sha1-ABCZ82OUaMlBQADpmZX6UvtHgwQ=",
      "requires": {
        "jwa": "^1.4.1",
        "safe-buffer": "^5.0.1"
      }
    },
    "lodash.includes": {
      "version": "4.3.0",
      "resolved": "https://artifactory.oci.oraclecorp.com:443/api/npm/global-dev-npm/lodash.includes/-/lodash.includes-4.3.0.tgz",
      "integrity": "sha1-YLuYqHy5I8aMoeUTJUgzFISfVT8="
    },
    "lodash.isboolean": {
      "version": "3.0.3",
      "resolved": "https://artifactory.oci.oraclecorp.com:443/api/npm/global-dev-npm/lodash.isboolean/-/lodash.isboolean-3.0.3.tgz",
      "integrity": "sha1-bC4XHbKiV82WgC/UOwGyDV9YcPY="
    },
    "lodash.isinteger": {
      "version": "4.0.4",
      "resolved": "https://artifactory.oci.oraclecorp.com:443/api/npm/global-dev-npm/lodash.isinteger/-/lodash.isinteger-4.0.4.tgz",
      "integrity": "sha1-YZwK89A/iwTDH1iChAt3sRzWg0M="
    },
    "lodash.isnumber": {
      "version": "3.0.3",
      "resolved": "https://artifactory.oci.oraclecorp.com:443/api/npm/global-dev-npm/lodash.isnumber/-/lodash.isnumber-3.0.3.tgz",
      "integrity": "sha1-POdoEMWSjQM1IwGsKHMX8RwLH/w="
    },
    "lodash.isplainobject": {
      "version": "4.0.6",
      "resolved": "https://artifactory.oci.oraclecorp.com:443/api/npm/global-dev-npm/lodash.isplainobject/-/lodash.isplainobject-4.0.6.tgz",
      "integrity": "sha1-fFJqUtibRcRcxpC4gWO+BJf1UMs="
    },
    "lodash.isstring": {
      "version": "4.0.1",
      "resolved": "https://artifactory.oci.oraclecorp.com:443/api/npm/global-dev-npm/lodash.isstring/-/lodash.isstring-4.0.1.tgz",
      "integrity": "sha1-1SfftUVuynzJu5XV2ur4i6VKVFE="
    },
    "lodash.once": {
      "version": "4.1.1",
      "resolved": "https://artifactory.oci.oraclecorp.com:443/api/npm/global-dev-npm/lodash.once/-/lodash.once-4.1.1.tgz",
      "integrity": "sha1-DdOXEhPHxW34gJd9UEyI+0cal6w="
    },
    "ms": {
      "version": "2.1.3",
      "resolved": "https://artifactory.oci.oraclecorp.com:443/api/npm/global-dev-npm/ms/-/ms-2.1.3.tgz",
      "integrity": "sha1-V0yBOM4dK1hh8LRFedut1gxmFbI="
    },
    "node-fetch": {
      "version": "1.7.3",
      "resolved": "https://artifactory.oci.oraclecorp.com:443/api/npm/global-dev-npm/node-fetch/-/node-fetch-1.7.3.tgz",
      "integrity": "sha1-mA9vcthSEaU0fGsrwYxbhMPrR+8=",
      "requires": {
        "encoding": "^0.1.11",
        "is-stream": "^1.0.1"
      }
    },
    "oci-common": {
      "version": "1.10.0",
      "resolved": "https://artifactory.oci.oraclecorp.com:443/api/npm/global-dev-npm/oci-common/-/oci-common-1.10.0.tgz",
      "integrity": "sha1-8TEol/zh36h2iXkD+NSlKvhTqko=",
      "requires": {
        "@types/isomorphic-fetch": "0.0.35",
        "@types/jsonwebtoken": "^8.5.0",
        "@types/jssha": "^2.0.0",
        "@types/opossum": "4.1.1",
        "@types/sshpk": "^1.10.3",
        "es6-promise": "4.2.6",
        "http-signature": "1.3.1",
        "isomorphic-fetch": "2.2.1",
        "jsonwebtoken": "8.5.1",
        "jssha": "2.4.1",
        "opossum": "5.0.1",
        "sshpk": "1.16.1",
        "uuid": "3.3.3"
      }
    },
    "oci-objectstorage": {
      "version": "1.10.0",
      "resolved": "https://artifactory.oci.oraclecorp.com:443/api/npm/global-dev-npm/oci-objectstorage/-/oci-objectstorage-1.10.0.tgz",
      "integrity": "sha1-7YUeM0PPDpa+OEWsyTV8rlh1mOM=",
      "requires": {
        "await-semaphore": "^0.1.3",
        "oci-common": "1.10.0",
        "oci-workrequests": "1.10.0"
      }
    },
    "oci-workrequests": {
      "version": "1.10.0",
      "resolved": "https://artifactory.oci.oraclecorp.com:443/api/npm/global-dev-npm/oci-workrequests/-/oci-workrequests-1.10.0.tgz",
      "integrity": "sha1-A7JZiqG2ojMq6R17nUFYjGba1N0=",
      "requires": {
        "oci-common": "1.10.0",
        "oci-workrequests": "1.10.0"
      }
    },
    "opossum": {
      "version": "5.0.1",
      "resolved": "https://artifactory.oci.oraclecorp.com:443/api/npm/global-dev-npm/opossum/-/opossum-5.0.1.tgz",
      "integrity": "sha1-km1XqNw9g6/YzN3/ftA/W9EJgAM="
    },
    "oracledb": {
      "version": "5.1.0",
      "resolved": "https://artifactory.oci.oraclecorp.com:443/api/npm/global-dev-npm/oracledb/-/oracledb-5.1.0.tgz",
      "integrity": "sha1-ITlGnXMYpI8/7WwA8NmOUEm7dp8="
    },
    "safe-buffer": {
      "version": "5.2.1",
      "resolved": "https://artifactory.oci.oraclecorp.com:443/api/npm/global-dev-npm/safe-buffer/-/safe-buffer-5.2.1.tgz",
      "integrity": "sha1-Hq+fqb2x/dTsdfWPnNtOa3gn7sY="
    },
    "safer-buffer": {
      "version": "2.1.2",
      "resolved": "https://artifactory.oci.oraclecorp.com:443/api/npm/global-dev-npm/safer-buffer/-/safer-buffer-2.1.2.tgz",
      "integrity": "sha1-RPoWGwGHuVSd2Eu5GAL5vYOFzWo="
    },
    "semver": {
      "version": "5.7.1",
      "resolved": "https://artifactory.oci.oraclecorp.com:443/api/npm/global-dev-npm/semver/-/semver-5.7.1.tgz",
      "integrity": "sha1-qVT5Ma66UI0we78Gnv8MAclhFvc="
    },
    "sshpk": {
      "version": "1.16.1",
      "resolved": "https://artifactory.oci.oraclecorp.com:443/api/npm/global-dev-npm/sshpk/-/sshpk-1.16.1.tgz",
      "integrity": "sha1-+2YcC+8ps520B2nuOfpwCT1vaHc=",
      "requires": {
        "asn1": "~0.2.3",
        "assert-plus": "^1.0.0",
        "bcrypt-pbkdf": "^1.0.0",
        "dashdash": "^1.12.0",
        "ecc-jsbn": "~0.1.1",
        "getpass": "^0.1.1",
        "jsbn": "~0.1.0",
        "safer-buffer": "^2.0.2",
        "tweetnacl": "~0.14.0"
      }
    },
    "tweetnacl": {
      "version": "0.14.5",
      "resolved": "https://artifactory.oci.oraclecorp.com:443/api/npm/global-dev-npm/tweetnacl/-/tweetnacl-0.14.5.tgz",
      "integrity": "sha1-WuaBd/GS1EViadEIr6k/+HQ/T2Q="
    },
    "uuid": {
      "version": "3.3.3",
      "resolved": "https://artifactory.oci.oraclecorp.com:443/api/npm/global-dev-npm/uuid/-/uuid-3.3.3.tgz",
      "integrity": "sha1-RWjwIW54dg7h2/Ok0s9T4iQRKGY="
    },
    "verror": {
      "version": "1.10.0",
      "resolved": "https://artifactory.oci.oraclecorp.com:443/api/npm/global-dev-npm/verror/-/verror-1.10.0.tgz",
      "integrity": "sha1-OhBcoXBTr1XW4nDB+CiGguGNpAA=",
      "requires": {
        "assert-plus": "^1.0.0",
        "core-util-is": "1.0.2",
        "extsprintf": "^1.2.0"
      }
    },
    "whatwg-fetch": {
      "version": "3.5.0",
      "resolved": "https://artifactory.oci.oraclecorp.com:443/api/npm/global-dev-npm/whatwg-fetch/-/whatwg-fetch-3.5.0.tgz",
      "integrity": "sha1-YFos0KcUbl2xQeKdHGKrhMDEyGg="
    }
  }
}
